
Microsoft Visual Studio Solution File, Format Version 12.00
# Visual Studio Version 16
VisualStudioVersion = 16.0.30717.126
MinimumVisualStudioVersion = 15.0.26124.0
Project("{9A19103F-16F7-4668-BE54-9A1E7A4F7556}") = "AuthorityConfig", "AuthorityConfig\AuthorityConfig.csproj", "{80DC3334-594B-455E-A0D9-DB14F66591FD}"
EndProject
Project("{9A19103F-16F7-4668-BE54-9A1E7A4F7556}") = "AuthorityConfig.Domain", "AuthorityConfig.Domain\AuthorityConfig.Domain.csproj", "{2EC24076-83D1-42A2-8B8B-25509B1BC3C6}"
EndProject
Project("{9A19103F-16F7-4668-BE54-9A1E7A4F7556}") = "AuthorityConfig.Specification", "AuthorityConfig.Specification\AuthorityConfig.Specification.csproj", "{BAD6085C-0424-4840-912B-7E1D9211D2AA}"
EndProject
Project("{9A19103F-16F7-4668-BE54-9A1E7A4F7556}") = "AuthorityConfig.Infrastructure.AuthorityRepository.Sql", "AuthorityConfig.Infrastructure.AuthorityRepository.Sql\AuthorityConfig.Infrastructure.AuthorityRepository.Sql.csproj", "{25A3379A-215B-4A6B-AC35-8B77118A4F7B}"
EndProject
Project("{2150E333-8FDC-42A3-9474-1A3956D46DE8}") = "01 Application", "01 Application", "{7A21FF32-DFB8-4449-98BC-BFE687BE85A0}"
EndProject
Project("{2150E333-8FDC-42A3-9474-1A3956D46DE8}") = "03 Business", "03 Business", "{A6BF6C09-4531-4BAF-9F94-7746560B52EF}"
EndProject
Project("{2150E333-8FDC-42A3-9474-1A3956D46DE8}") = "02 Domain and Specification", "02 Domain and Specification", "{4770659C-66B8-4D8F-805C-02A08393F33B}"
EndProject
Project("{2150E333-8FDC-42A3-9474-1A3956D46DE8}") = "04 Data", "04 Data", "{E69BAA85-6DC4-4209-80B4-91D17708CD11}"
EndProject
Project("{2150E333-8FDC-42A3-9474-1A3956D46DE8}") = "05 Testing", "05 Testing", "{F65DBDC2-2AFD-4BCC-AB25-8FB8D09FAB45}"
EndProject
Project("{9A19103F-16F7-4668-BE54-9A1E7A4F7556}") = "AuthorityConfig.Infrastructure.AuthorityRepository.Sql.IntegrationTest", "AuthorityConfig.Infrastructure.AuthorityRepository.Sql.IntegrationTest\AuthorityConfig.Infrastructure.AuthorityRepository.Sql.IntegrationTest.csproj", "{0237FB3C-CDF9-4AD5-BF74-CB9E8848E417}"
EndProject
Project("{9A19103F-16F7-4668-BE54-9A1E7A4F7556}") = "AuthorityConfig.Tool.AuthYamlToJson", "AuthorityConfig.Tool.AuthYamlToJson\AuthorityConfig.Tool.AuthYamlToJson.csproj", "{AA3AEBB3-0376-4D01-8560-5A3A76912215}"
EndProject
Project("{2150E333-8FDC-42A3-9474-1A3956D46DE8}") = "06 Tools", "06 Tools", "{48C58559-B70C-405B-B4A4-8D01D1C31992}"
EndProject
Global
	GlobalSection(SolutionConfigurationPlatforms) = preSolution
		Debug|Any CPU = Debug|Any CPU
		Debug|x64 = Debug|x64
		Debug|x86 = Debug|x86
		Release|Any CPU = Release|Any CPU
		Release|x64 = Release|x64
		Release|x86 = Release|x86
	EndGlobalSection
	GlobalSection(ProjectConfigurationPlatforms) = postSolution
		{80DC3334-594B-455E-A0D9-DB14F66591FD}.Debug|Any CPU.ActiveCfg = Debug|Any CPU
		{80DC3334-594B-455E-A0D9-DB14F66591FD}.Debug|Any CPU.Build.0 = Debug|Any CPU
		{80DC3334-594B-455E-A0D9-DB14F66591FD}.Debug|x64.ActiveCfg = Debug|Any CPU
		{80DC3334-594B-455E-A0D9-DB14F66591FD}.Debug|x64.Build.0 = Debug|Any CPU
		{80DC3334-594B-455E-A0D9-DB14F66591FD}.Debug|x86.ActiveCfg = Debug|Any CPU
		{80DC3334-594B-455E-A0D9-DB14F66591FD}.Debug|x86.Build.0 = Debug|Any CPU
		{80DC3334-594B-455E-A0D9-DB14F66591FD}.Release|Any CPU.ActiveCfg = Release|Any CPU
		{80DC3334-594B-455E-A0D9-DB14F66591FD}.Release|Any CPU.Build.0 = Release|Any CPU
		{80DC3334-594B-455E-A0D9-DB14F66591FD}.Release|x64.ActiveCfg = Release|Any CPU
		{80DC3334-594B-455E-A0D9-DB14F66591FD}.Release|x64.Build.0 = Release|Any CPU
		{80DC3334-594B-455E-A0D9-DB14F66591FD}.Release|x86.ActiveCfg = Release|Any CPU
		{80DC3334-594B-455E-A0D9-DB14F66591FD}.Release|x86.Build.0 = Release|Any CPU
		{2EC24076-83D1-42A2-8B8B-25509B1BC3C6}.Debug|Any CPU.ActiveCfg = Debug|Any CPU
		{2EC24076-83D1-42A2-8B8B-25509B1BC3C6}.Debug|Any CPU.Build.0 = Debug|Any CPU
		{2EC24076-83D1-42A2-8B8B-25509B1BC3C6}.Debug|x64.ActiveCfg = Debug|Any CPU
		{2EC24076-83D1-42A2-8B8B-25509B1BC3C6}.Debug|x64.Build.0 = Debug|Any CPU
		{2EC24076-83D1-42A2-8B8B-25509B1BC3C6}.Debug|x86.ActiveCfg = Debug|Any CPU
		{2EC24076-83D1-42A2-8B8B-25509B1BC3C6}.Debug|x86.Build.0 = Debug|Any CPU
		{2EC24076-83D1-42A2-8B8B-25509B1BC3C6}.Release|Any CPU.ActiveCfg = Release|Any CPU
		{2EC24076-83D1-42A2-8B8B-25509B1BC3C6}.Release|Any CPU.Build.0 = Release|Any CPU
		{2EC24076-83D1-42A2-8B8B-25509B1BC3C6}.Release|x64.ActiveCfg = Release|Any CPU
		{2EC24076-83D1-42A2-8B8B-25509B1BC3C6}.Release|x64.Build.0 = Release|Any CPU
		{2EC24076-83D1-42A2-8B8B-25509B1BC3C6}.Release|x86.ActiveCfg = Release|Any CPU
		{2EC24076-83D1-42A2-8B8B-25509B1BC3C6}.Release|x86.Build.0 = Release|Any CPU
		{BAD6085C-0424-4840-912B-7E1D9211D2AA}.Debug|Any CPU.ActiveCfg = Debug|Any CPU
		{BAD6085C-0424-4840-912B-7E1D9211D2AA}.Debug|Any CPU.Build.0 = Debug|Any CPU
		{BAD6085C-0424-4840-912B-7E1D9211D2AA}.Debug|x64.ActiveCfg = Debug|Any CPU
		{BAD6085C-0424-4840-912B-7E1D9211D2AA}.Debug|x64.Build.0 = Debug|Any CPU
		{BAD6085C-0424-4840-912B-7E1D9211D2AA}.Debug|x86.ActiveCfg = Debug|Any CPU
		{BAD6085C-0424-4840-912B-7E1D9211D2AA}.Debug|x86.Build.0 = Debug|Any CPU
		{BAD6085C-0424-4840-912B-7E1D9211D2AA}.Release|Any CPU.ActiveCfg = Release|Any CPU
		{BAD6085C-0424-4840-912B-7E1D9211D2AA}.Release|Any CPU.Build.0 = Release|Any CPU
		{BAD6085C-0424-4840-912B-7E1D9211D2AA}.Release|x64.ActiveCfg = Release|Any CPU
		{BAD6085C-0424-4840-912B-7E1D9211D2AA}.Release|x64.Build.0 = Release|Any CPU
		{BAD6085C-0424-4840-912B-7E1D9211D2AA}.Release|x86.ActiveCfg = Release|Any CPU
		{BAD6085C-0424-4840-912B-7E1D9211D2AA}.Release|x86.Build.0 = Release|Any CPU
		{25A3379A-215B-4A6B-AC35-8B77118A4F7B}.Debug|Any CPU.ActiveCfg = Debug|Any CPU
		{25A3379A-215B-4A6B-AC35-8B77118A4F7B}.Debug|Any CPU.Build.0 = Debug|Any CPU
		{25A3379A-215B-4A6B-AC35-8B77118A4F7B}.Debug|x64.ActiveCfg = Debug|Any CPU
		{25A3379A-215B-4A6B-AC35-8B77118A4F7B}.Debug|x64.Build.0 = Debug|Any CPU
		{25A3379A-215B-4A6B-AC35-8B77118A4F7B}.Debug|x86.ActiveCfg = Debug|Any CPU
		{25A3379A-215B-4A6B-AC35-8B77118A4F7B}.Debug|x86.Build.0 = Debug|Any CPU
		{25A3379A-215B-4A6B-AC35-8B77118A4F7B}.Release|Any CPU.ActiveCfg = Release|Any CPU
		{25A3379A-215B-4A6B-AC35-8B77118A4F7B}.Release|Any CPU.Build.0 = Release|Any CPU
		{25A3379A-215B-4A6B-AC35-8B77118A4F7B}.Release|x64.ActiveCfg = Release|Any CPU
		{25A3379A-215B-4A6B-AC35-8B77118A4F7B}.Release|x64.Build.0 = Release|Any CPU
		{25A3379A-215B-4A6B-AC35-8B77118A4F7B}.Release|x86.ActiveCfg = Release|Any CPU
		{25A3379A-215B-4A6B-AC35-8B77118A4F7B}.Release|x86.Build.0 = Release|Any CPU
		{0237FB3C-CDF9-4AD5-BF74-CB9E8848E417}.Debug|Any CPU.ActiveCfg = Debug|Any CPU
		{0237FB3C-CDF9-4AD5-BF74-CB9E8848E417}.Debug|Any CPU.Build.0 = Debug|Any CPU
		{0237FB3C-CDF9-4AD5-BF74-CB9E8848E417}.Debug|x64.ActiveCfg = Debug|Any CPU
		{0237FB3C-CDF9-4AD5-BF74-CB9E8848E417}.Debug|x64.Build.0 = Debug|Any CPU
		{0237FB3C-CDF9-4AD5-BF74-CB9E8848E417}.Debug|x86.ActiveCfg = Debug|Any CPU
		{0237FB3C-CDF9-4AD5-BF74-CB9E8848E417}.Debug|x86.Build.0 = Debug|Any CPU
		{0237FB3C-CDF9-4AD5-BF74-CB9E8848E417}.Release|Any CPU.ActiveCfg = Release|Any CPU
		{0237FB3C-CDF9-4AD5-BF74-CB9E8848E417}.Release|Any CPU.Build.0 = Release|Any CPU
		{0237FB3C-CDF9-4AD5-BF74-CB9E8848E417}.Release|x64.ActiveCfg = Release|Any CPU
		{0237FB3C-CDF9-4AD5-BF74-CB9E8848E417}.Release|x64.Build.0 = Release|Any CPU
		{0237FB3C-CDF9-4AD5-BF74-CB9E8848E417}.Release|x86.ActiveCfg = Release|Any CPU
		{0237FB3C-CDF9-4AD5-BF74-CB9E8848E417}.Release|x86.Build.0 = Release|Any CPU
		{AA3AEBB3-0376-4D01-8560-5A3A76912215}.Debug|Any CPU.ActiveCfg = Debug|Any CPU
		{AA3AEBB3-0376-4D01-8560-5A3A76912215}.Debug|Any CPU.Build.0 = Debug|Any CPU
		{AA3AEBB3-0376-4D01-8560-5A3A76912215}.Debug|x64.ActiveCfg = Debug|Any CPU
		{AA3AEBB3-0376-4D01-8560-5A3A76912215}.Debug|x64.Build.0 = Debug|Any CPU
		{AA3AEBB3-0376-4D01-8560-5A3A76912215}.Debug|x86.ActiveCfg = Debug|Any CPU
		{AA3AEBB3-0376-4D01-8560-5A3A76912215}.Debug|x86.Build.0 = Debug|Any CPU
		{AA3AEBB3-0376-4D01-8560-5A3A76912215}.Release|Any CPU.ActiveCfg = Release|Any CPU
		{AA3AEBB3-0376-4D01-8560-5A3A76912215}.Release|Any CPU.Build.0 = Release|Any CPU
		{AA3AEBB3-0376-4D01-8560-5A3A76912215}.Release|x64.ActiveCfg = Release|Any CPU
		{AA3AEBB3-0376-4D01-8560-5A3A76912215}.Release|x64.Build.0 = Release|Any CPU
		{AA3AEBB3-0376-4D01-8560-5A3A76912215}.Release|x86.ActiveCfg = Release|Any CPU
		{AA3AEBB3-0376-4D01-8560-5A3A76912215}.Release|x86.Build.0 = Release|Any CPU
	EndGlobalSection
	GlobalSection(SolutionProperties) = preSolution
		HideSolutionNode = FALSE
	EndGlobalSection
	GlobalSection(NestedProjects) = preSolution
		{80DC3334-594B-455E-A0D9-DB14F66591FD} = {7A21FF32-DFB8-4449-98BC-BFE687BE85A0}
		{2EC24076-83D1-42A2-8B8B-25509B1BC3C6} = {4770659C-66B8-4D8F-805C-02A08393F33B}
		{BAD6085C-0424-4840-912B-7E1D9211D2AA} = {4770659C-66B8-4D8F-805C-02A08393F33B}
		{25A3379A-215B-4A6B-AC35-8B77118A4F7B} = {E69BAA85-6DC4-4209-80B4-91D17708CD11}
		{0237FB3C-CDF9-4AD5-BF74-CB9E8848E417} = {F65DBDC2-2AFD-4BCC-AB25-8FB8D09FAB45}
		{AA3AEBB3-0376-4D01-8560-5A3A76912215} = {48C58559-B70C-405B-B4A4-8D01D1C31992}
	EndGlobalSection
	GlobalSection(ExtensibilityGlobals) = postSolution
		SolutionGuid = {D8CE23BD-1904-4E79-BD79-B200D98C433A}
	EndGlobalSection
EndGlobal
