
Microsoft Visual Studio Solution File, Format Version 12.00
# Visual Studio 15
VisualStudioVersion = 15.0.26124.0
MinimumVisualStudioVersion = 15.0.26124.0
Project("{FAE04EC0-301F-11D3-BF4B-00C04F79EFBC}") = "AuthorityConfig", "AuthorityConfig\AuthorityConfig.csproj", "{80DC3334-594B-455E-A0D9-DB14F66591FD}"
EndProject
Project("{FAE04EC0-301F-11D3-BF4B-00C04F79EFBC}") = "AuthorityConfig.Domain", "AuthorityConfig.Domain\AuthorityConfig.Domain.csproj", "{2EC24076-83D1-42A2-8B8B-25509B1BC3C6}"
EndProject
Project("{FAE04EC0-301F-11D3-BF4B-00C04F79EFBC}") = "AuthorityConfig.Specification", "AuthorityConfig.Specification\AuthorityConfig.Specification.csproj", "{BAD6085C-0424-4840-912B-7E1D9211D2AA}"
EndProject
Global
	GlobalSection(SolutionConfigurationPlatforms) = preSolution
		Debug|Any CPU = Debug|Any CPU
		Debug|x64 = Debug|x64
		Debug|x86 = Debug|x86
		Release|Any CPU = Release|Any CPU
		Release|x64 = Release|x64
		Release|x86 = Release|x86
	EndGlobalSection
	GlobalSection(SolutionProperties) = preSolution
		HideSolutionNode = FALSE
	EndGlobalSection
	GlobalSection(ProjectConfigurationPlatforms) = postSolution
		{80DC3334-594B-455E-A0D9-DB14F66591FD}.Debug|Any CPU.ActiveCfg = Debug|Any CPU
		{80DC3334-594B-455E-A0D9-DB14F66591FD}.Debug|Any CPU.Build.0 = Debug|Any CPU
		{80DC3334-594B-455E-A0D9-DB14F66591FD}.Debug|x64.ActiveCfg = Debug|Any CPU
		{80DC3334-594B-455E-A0D9-DB14F66591FD}.Debug|x64.Build.0 = Debug|Any CPU
		{80DC3334-594B-455E-A0D9-DB14F66591FD}.Debug|x86.ActiveCfg = Debug|Any CPU
		{80DC3334-594B-455E-A0D9-DB14F66591FD}.Debug|x86.Build.0 = Debug|Any CPU
		{80DC3334-594B-455E-A0D9-DB14F66591FD}.Release|Any CPU.ActiveCfg = Release|Any CPU
		{80DC3334-594B-455E-A0D9-DB14F66591FD}.Release|Any CPU.Build.0 = Release|Any CPU
		{80DC3334-594B-455E-A0D9-DB14F66591FD}.Release|x64.ActiveCfg = Release|Any CPU
		{80DC3334-594B-455E-A0D9-DB14F66591FD}.Release|x64.Build.0 = Release|Any CPU
		{80DC3334-594B-455E-A0D9-DB14F66591FD}.Release|x86.ActiveCfg = Release|Any CPU
		{80DC3334-594B-455E-A0D9-DB14F66591FD}.Release|x86.Build.0 = Release|Any CPU
		{2EC24076-83D1-42A2-8B8B-25509B1BC3C6}.Debug|Any CPU.ActiveCfg = Debug|Any CPU
		{2EC24076-83D1-42A2-8B8B-25509B1BC3C6}.Debug|Any CPU.Build.0 = Debug|Any CPU
		{2EC24076-83D1-42A2-8B8B-25509B1BC3C6}.Debug|x64.ActiveCfg = Debug|Any CPU
		{2EC24076-83D1-42A2-8B8B-25509B1BC3C6}.Debug|x64.Build.0 = Debug|Any CPU
		{2EC24076-83D1-42A2-8B8B-25509B1BC3C6}.Debug|x86.ActiveCfg = Debug|Any CPU
		{2EC24076-83D1-42A2-8B8B-25509B1BC3C6}.Debug|x86.Build.0 = Debug|Any CPU
		{2EC24076-83D1-42A2-8B8B-25509B1BC3C6}.Release|Any CPU.ActiveCfg = Release|Any CPU
		{2EC24076-83D1-42A2-8B8B-25509B1BC3C6}.Release|Any CPU.Build.0 = Release|Any CPU
		{2EC24076-83D1-42A2-8B8B-25509B1BC3C6}.Release|x64.ActiveCfg = Release|Any CPU
		{2EC24076-83D1-42A2-8B8B-25509B1BC3C6}.Release|x64.Build.0 = Release|Any CPU
		{2EC24076-83D1-42A2-8B8B-25509B1BC3C6}.Release|x86.ActiveCfg = Release|Any CPU
		{2EC24076-83D1-42A2-8B8B-25509B1BC3C6}.Release|x86.Build.0 = Release|Any CPU
		{BAD6085C-0424-4840-912B-7E1D9211D2AA}.Debug|Any CPU.ActiveCfg = Debug|Any CPU
		{BAD6085C-0424-4840-912B-7E1D9211D2AA}.Debug|Any CPU.Build.0 = Debug|Any CPU
		{BAD6085C-0424-4840-912B-7E1D9211D2AA}.Debug|x64.ActiveCfg = Debug|Any CPU
		{BAD6085C-0424-4840-912B-7E1D9211D2AA}.Debug|x64.Build.0 = Debug|Any CPU
		{BAD6085C-0424-4840-912B-7E1D9211D2AA}.Debug|x86.ActiveCfg = Debug|Any CPU
		{BAD6085C-0424-4840-912B-7E1D9211D2AA}.Debug|x86.Build.0 = Debug|Any CPU
		{BAD6085C-0424-4840-912B-7E1D9211D2AA}.Release|Any CPU.ActiveCfg = Release|Any CPU
		{BAD6085C-0424-4840-912B-7E1D9211D2AA}.Release|Any CPU.Build.0 = Release|Any CPU
		{BAD6085C-0424-4840-912B-7E1D9211D2AA}.Release|x64.ActiveCfg = Release|Any CPU
		{BAD6085C-0424-4840-912B-7E1D9211D2AA}.Release|x64.Build.0 = Release|Any CPU
		{BAD6085C-0424-4840-912B-7E1D9211D2AA}.Release|x86.ActiveCfg = Release|Any CPU
		{BAD6085C-0424-4840-912B-7E1D9211D2AA}.Release|x86.Build.0 = Release|Any CPU
	EndGlobalSection
EndGlobal
