
Microsoft Visual Studio Solution File, Format Version 12.00
# Visual Studio Version 16
VisualStudioVersion = 16.0.30717.126
MinimumVisualStudioVersion = 15.0.26124.0
Project("{9A19103F-16F7-4668-BE54-9A1E7A4F7556}") = "AuthorityConfig.Domain", "AuthorityConfig.Domain\AuthorityConfig.Domain.csproj", "{2EC24076-83D1-42A2-8B8B-25509B1BC3C6}"
EndProject
Project("{9A19103F-16F7-4668-BE54-9A1E7A4F7556}") = "AuthorityConfig.Specification", "AuthorityConfig.Specification\AuthorityConfig.Specification.csproj", "{BAD6085C-0424-4840-912B-7E1D9211D2AA}"
EndProject
Project("{2150E333-8FDC-42A3-9474-1A3956D46DE8}") = "01 API", "01 API", "{7A21FF32-DFB8-4449-98BC-BFE687BE85A0}"
EndProject
Project("{2150E333-8FDC-42A3-9474-1A3956D46DE8}") = "02 Domain and Specification", "02 Domain and Specification", "{4770659C-66B8-4D8F-805C-02A08393F33B}"
EndProject
Project("{9A19103F-16F7-4668-BE54-9A1E7A4F7556}") = "AuthorityConfig.Api", "AuthorityConfig.Api\AuthorityConfig.Api.csproj", "{B76C527C-0697-4958-A820-2F1E258D94DF}"
EndProject
Project("{FAE04EC0-301F-11D3-BF4B-00C04F79EFBC}") = "AuthorityConfig.Utility", "AuthorityConfig.Utility\AuthorityConfig.Utility.csproj", "{4D376310-227D-47A1-AA55-E976559A584C}"
EndProject
Project("{FAE04EC0-301F-11D3-BF4B-00C04F79EFBC}") = "AuthorityConfig.Utility.UnitTest", "AuthorityConfig.Utility.UnitTest\AuthorityConfig.Utility.UnitTest.csproj", "{1FE04EDC-FF11-4545-8826-2717B3E523C5}"
EndProject
Global
	GlobalSection(SolutionConfigurationPlatforms) = preSolution
		Debug|Any CPU = Debug|Any CPU
		Debug|x64 = Debug|x64
		Debug|x86 = Debug|x86
		Release|Any CPU = Release|Any CPU
		Release|x64 = Release|x64
		Release|x86 = Release|x86
	EndGlobalSection
	GlobalSection(ProjectConfigurationPlatforms) = postSolution
		{2EC24076-83D1-42A2-8B8B-25509B1BC3C6}.Debug|Any CPU.ActiveCfg = Debug|Any CPU
		{2EC24076-83D1-42A2-8B8B-25509B1BC3C6}.Debug|Any CPU.Build.0 = Debug|Any CPU
		{2EC24076-83D1-42A2-8B8B-25509B1BC3C6}.Debug|x64.ActiveCfg = Debug|Any CPU
		{2EC24076-83D1-42A2-8B8B-25509B1BC3C6}.Debug|x64.Build.0 = Debug|Any CPU
		{2EC24076-83D1-42A2-8B8B-25509B1BC3C6}.Debug|x86.ActiveCfg = Debug|Any CPU
		{2EC24076-83D1-42A2-8B8B-25509B1BC3C6}.Debug|x86.Build.0 = Debug|Any CPU
		{2EC24076-83D1-42A2-8B8B-25509B1BC3C6}.Release|Any CPU.ActiveCfg = Release|Any CPU
		{2EC24076-83D1-42A2-8B8B-25509B1BC3C6}.Release|Any CPU.Build.0 = Release|Any CPU
		{2EC24076-83D1-42A2-8B8B-25509B1BC3C6}.Release|x64.ActiveCfg = Release|Any CPU
		{2EC24076-83D1-42A2-8B8B-25509B1BC3C6}.Release|x64.Build.0 = Release|Any CPU
		{2EC24076-83D1-42A2-8B8B-25509B1BC3C6}.Release|x86.ActiveCfg = Release|Any CPU
		{2EC24076-83D1-42A2-8B8B-25509B1BC3C6}.Release|x86.Build.0 = Release|Any CPU
		{BAD6085C-0424-4840-912B-7E1D9211D2AA}.Debug|Any CPU.ActiveCfg = Debug|Any CPU
		{BAD6085C-0424-4840-912B-7E1D9211D2AA}.Debug|Any CPU.Build.0 = Debug|Any CPU
		{BAD6085C-0424-4840-912B-7E1D9211D2AA}.Debug|x64.ActiveCfg = Debug|Any CPU
		{BAD6085C-0424-4840-912B-7E1D9211D2AA}.Debug|x64.Build.0 = Debug|Any CPU
		{BAD6085C-0424-4840-912B-7E1D9211D2AA}.Debug|x86.ActiveCfg = Debug|Any CPU
		{BAD6085C-0424-4840-912B-7E1D9211D2AA}.Debug|x86.Build.0 = Debug|Any CPU
		{BAD6085C-0424-4840-912B-7E1D9211D2AA}.Release|Any CPU.ActiveCfg = Release|Any CPU
		{BAD6085C-0424-4840-912B-7E1D9211D2AA}.Release|Any CPU.Build.0 = Release|Any CPU
		{BAD6085C-0424-4840-912B-7E1D9211D2AA}.Release|x64.ActiveCfg = Release|Any CPU
		{BAD6085C-0424-4840-912B-7E1D9211D2AA}.Release|x64.Build.0 = Release|Any CPU
		{BAD6085C-0424-4840-912B-7E1D9211D2AA}.Release|x86.ActiveCfg = Release|Any CPU
		{BAD6085C-0424-4840-912B-7E1D9211D2AA}.Release|x86.Build.0 = Release|Any CPU
		{B76C527C-0697-4958-A820-2F1E258D94DF}.Debug|Any CPU.ActiveCfg = Debug|Any CPU
		{B76C527C-0697-4958-A820-2F1E258D94DF}.Debug|Any CPU.Build.0 = Debug|Any CPU
		{B76C527C-0697-4958-A820-2F1E258D94DF}.Debug|x64.ActiveCfg = Debug|Any CPU
		{B76C527C-0697-4958-A820-2F1E258D94DF}.Debug|x64.Build.0 = Debug|Any CPU
		{B76C527C-0697-4958-A820-2F1E258D94DF}.Debug|x86.ActiveCfg = Debug|Any CPU
		{B76C527C-0697-4958-A820-2F1E258D94DF}.Debug|x86.Build.0 = Debug|Any CPU
		{B76C527C-0697-4958-A820-2F1E258D94DF}.Release|Any CPU.ActiveCfg = Release|Any CPU
		{B76C527C-0697-4958-A820-2F1E258D94DF}.Release|Any CPU.Build.0 = Release|Any CPU
		{B76C527C-0697-4958-A820-2F1E258D94DF}.Release|x64.ActiveCfg = Release|Any CPU
		{B76C527C-0697-4958-A820-2F1E258D94DF}.Release|x64.Build.0 = Release|Any CPU
		{B76C527C-0697-4958-A820-2F1E258D94DF}.Release|x86.ActiveCfg = Release|Any CPU
		{B76C527C-0697-4958-A820-2F1E258D94DF}.Release|x86.Build.0 = Release|Any CPU
		{4D376310-227D-47A1-AA55-E976559A584C}.Debug|Any CPU.ActiveCfg = Debug|Any CPU
		{4D376310-227D-47A1-AA55-E976559A584C}.Debug|Any CPU.Build.0 = Debug|Any CPU
		{4D376310-227D-47A1-AA55-E976559A584C}.Debug|x64.ActiveCfg = Debug|Any CPU
		{4D376310-227D-47A1-AA55-E976559A584C}.Debug|x64.Build.0 = Debug|Any CPU
		{4D376310-227D-47A1-AA55-E976559A584C}.Debug|x86.ActiveCfg = Debug|Any CPU
		{4D376310-227D-47A1-AA55-E976559A584C}.Debug|x86.Build.0 = Debug|Any CPU
		{4D376310-227D-47A1-AA55-E976559A584C}.Release|Any CPU.ActiveCfg = Release|Any CPU
		{4D376310-227D-47A1-AA55-E976559A584C}.Release|Any CPU.Build.0 = Release|Any CPU
		{4D376310-227D-47A1-AA55-E976559A584C}.Release|x64.ActiveCfg = Release|Any CPU
		{4D376310-227D-47A1-AA55-E976559A584C}.Release|x64.Build.0 = Release|Any CPU
		{4D376310-227D-47A1-AA55-E976559A584C}.Release|x86.ActiveCfg = Release|Any CPU
		{4D376310-227D-47A1-AA55-E976559A584C}.Release|x86.Build.0 = Release|Any CPU
		{1FE04EDC-FF11-4545-8826-2717B3E523C5}.Debug|Any CPU.ActiveCfg = Debug|Any CPU
		{1FE04EDC-FF11-4545-8826-2717B3E523C5}.Debug|Any CPU.Build.0 = Debug|Any CPU
		{1FE04EDC-FF11-4545-8826-2717B3E523C5}.Debug|x64.ActiveCfg = Debug|Any CPU
		{1FE04EDC-FF11-4545-8826-2717B3E523C5}.Debug|x64.Build.0 = Debug|Any CPU
		{1FE04EDC-FF11-4545-8826-2717B3E523C5}.Debug|x86.ActiveCfg = Debug|Any CPU
		{1FE04EDC-FF11-4545-8826-2717B3E523C5}.Debug|x86.Build.0 = Debug|Any CPU
		{1FE04EDC-FF11-4545-8826-2717B3E523C5}.Release|Any CPU.ActiveCfg = Release|Any CPU
		{1FE04EDC-FF11-4545-8826-2717B3E523C5}.Release|Any CPU.Build.0 = Release|Any CPU
		{1FE04EDC-FF11-4545-8826-2717B3E523C5}.Release|x64.ActiveCfg = Release|Any CPU
		{1FE04EDC-FF11-4545-8826-2717B3E523C5}.Release|x64.Build.0 = Release|Any CPU
		{1FE04EDC-FF11-4545-8826-2717B3E523C5}.Release|x86.ActiveCfg = Release|Any CPU
		{1FE04EDC-FF11-4545-8826-2717B3E523C5}.Release|x86.Build.0 = Release|Any CPU
	EndGlobalSection
	GlobalSection(SolutionProperties) = preSolution
		HideSolutionNode = FALSE
	EndGlobalSection
	GlobalSection(NestedProjects) = preSolution
		{2EC24076-83D1-42A2-8B8B-25509B1BC3C6} = {4770659C-66B8-4D8F-805C-02A08393F33B}
		{BAD6085C-0424-4840-912B-7E1D9211D2AA} = {4770659C-66B8-4D8F-805C-02A08393F33B}
		{B76C527C-0697-4958-A820-2F1E258D94DF} = {7A21FF32-DFB8-4449-98BC-BFE687BE85A0}
	EndGlobalSection
	GlobalSection(ExtensibilityGlobals) = postSolution
		SolutionGuid = {D8CE23BD-1904-4E79-BD79-B200D98C433A}
	EndGlobalSection
EndGlobal
